
Microsoft Visual Studio Solution File, Format Version 12.00
# Visual Studio Version 17
VisualStudioVersion = 17.2.32516.85
MinimumVisualStudioVersion = 10.0.40219.1
Project("{FAE04EC0-301F-11D3-BF4B-00C04F79EFBC}") = "Converter", "Converter.csproj", "{0FD43FD9-E73A-4D1C-B9EB-E7C2FE1A98E2}"
EndProject
Global
	GlobalSection(SolutionConfigurationPlatforms) = preSolution
		Debug|Any CPU = Debug|Any CPU
		Release|Any CPU = Release|Any CPU
	EndGlobalSection
	GlobalSection(ProjectConfigurationPlatforms) = postSolution
		{0FD43FD9-E73A-4D1C-B9EB-E7C2FE1A98E2}.Debug|Any CPU.ActiveCfg = Debug|Any CPU
		{0FD43FD9-E73A-4D1C-B9EB-E7C2FE1A98E2}.Debug|Any CPU.Build.0 = Debug|Any CPU
		{0FD43FD9-E73A-4D1C-B9EB-E7C2FE1A98E2}.Release|Any CPU.ActiveCfg = Release|Any CPU
		{0FD43FD9-E73A-4D1C-B9EB-E7C2FE1A98E2}.Release|Any CPU.Build.0 = Release|Any CPU
	EndGlobalSection
	GlobalSection(SolutionProperties) = preSolution
		HideSolutionNode = FALSE
	EndGlobalSection
	GlobalSection(ExtensibilityGlobals) = postSolution
		SolutionGuid = {65F3F685-ED40-484C-BFF5-8C36553D2863}
	EndGlobalSection
EndGlobal
